GIT
  remote: https://github.com/rails/rails.git
  revision: c1489a8ca4a9b91e21725f6a139e82e803c9eaa6
  branch: main
  specs:
    actioncable (7.2.0.alpha)
      actionpack (= 7.2.0.alpha)
      activesupport (= 7.2.0.alpha)
      nio4r (~> 2.0)
      websocket-driver (>= 0.6.1)
      zeitwerk (~> 2.6)
    actionmailbox (7.2.0.alpha)
      actionpack (= 7.2.0.alpha)
      activejob (= 7.2.0.alpha)
      activerecord (= 7.2.0.alpha)
      activestorage (= 7.2.0.alpha)
      activesupport (= 7.2.0.alpha)
      mail (>= 2.7.1)
      net-imap
      net-pop
      net-smtp
    actionmailer (7.2.0.alpha)
      actionpack (= 7.2.0.alpha)
      actionview (= 7.2.0.alpha)
      activejob (= 7.2.0.alpha)
      activesupport (= 7.2.0.alpha)
      mail (~> 2.5, >= 2.5.4)
      net-imap
      net-pop
      net-smtp
      rails-dom-testing (~> 2.2)
    actionpack (7.2.0.alpha)
      actionview (= 7.2.0.alpha)
      activesupport (= 7.2.0.alpha)
      nokogiri (>= 1.8.5)
      racc
      rack (>= 2.2.4)
      rack-session (>= 1.0.1)
      rack-test (>= 0.6.3)
      rails-dom-testing (~> 2.2)
      rails-html-sanitizer (~> 1.6)
    actiontext (7.2.0.alpha)
      actionpack (= 7.2.0.alpha)
      activerecord (= 7.2.0.alpha)
      activestorage (= 7.2.0.alpha)
      activesupport (= 7.2.0.alpha)
      globalid (>= 0.6.0)
      nokogiri (>= 1.8.5)
    actionview (7.2.0.alpha)
      activesupport (= 7.2.0.alpha)
      builder (~> 3.1)
      erubi (~> 1.11)
      rails-dom-testing (~> 2.2)
      rails-html-sanitizer (~> 1.6)
    activejob (7.2.0.alpha)
      activesupport (= 7.2.0.alpha)
      globalid (>= 0.3.6)
    activemodel (7.2.0.alpha)
      activesupport (= 7.2.0.alpha)
    activerecord (7.2.0.alpha)
      activemodel (= 7.2.0.alpha)
      activesupport (= 7.2.0.alpha)
      timeout (>= 0.4.0)
    activestorage (7.2.0.alpha)
      actionpack (= 7.2.0.alpha)
      activejob (= 7.2.0.alpha)
      activerecord (= 7.2.0.alpha)
      activesupport (= 7.2.0.alpha)
      marcel (~> 1.0)
    activesupport (7.2.0.alpha)
      base64
      bigdecimal
      concurrent-ruby (~> 1.0, >= 1.0.2)
      connection_pool (>= 2.2.5)
      drb
      i18n (>= 1.6, < 2)
      minitest (>= 5.1)
      tzinfo (~> 2.0, >= 2.0.5)
    rails (7.2.0.alpha)
      actioncable (= 7.2.0.alpha)
      actionmailbox (= 7.2.0.alpha)
      actionmailer (= 7.2.0.alpha)
      actionpack (= 7.2.0.alpha)
      actiontext (= 7.2.0.alpha)
      actionview (= 7.2.0.alpha)
      activejob (= 7.2.0.alpha)
      activemodel (= 7.2.0.alpha)
      activerecord (= 7.2.0.alpha)
      activestorage (= 7.2.0.alpha)
      activesupport (= 7.2.0.alpha)
      bundler (>= 1.15.0)
      railties (= 7.2.0.alpha)
    railties (7.2.0.alpha)
      actionpack (= 7.2.0.alpha)
      activesupport (= 7.2.0.alpha)
      irb
      rackup (>= 1.0.0)
      rake (>= 12.2)
      thor (~> 1.0, >= 1.2.2)
      zeitwerk (~> 2.6)

GIT
  remote: https://github.com/rspec/rspec-core.git
  revision: f273314f575ab62092b2ad86addb6a3c93d6041f
  branch: main
  specs:
    rspec-core (3.13.0.pre)
      rspec-support (= 3.13.0.pre)

GIT
  remote: https://github.com/rspec/rspec-expectations.git
  revision: 2e8e800a0d8b64e7168dd625efe8f7526b7f1262
  branch: main
  specs:
    rspec-expectations (3.13.0.pre)
      diff-lcs (>= 1.2.0, < 2.0)
      rspec-support (= 3.13.0.pre)

GIT
  remote: https://github.com/rspec/rspec-mocks.git
  revision: 868bf98d2aae5f0db15441a41b86b5f9346a12dd
  branch: main
  specs:
    rspec-mocks (3.13.0.pre)
      diff-lcs (>= 1.2.0, < 2.0)
      rspec-support (= 3.13.0.pre)

GIT
  remote: https://github.com/rspec/rspec-rails.git
  revision: d8d1e5ab49fc997dacc503888fe4f459f47649e0
  branch: main
  specs:
    rspec-rails (6.2.0.pre)
      actionpack (>= 6.1)
      activesupport (>= 6.1)
      railties (>= 6.1)
      rspec-core (= 3.13.0.pre)
      rspec-expectations (= 3.13.0.pre)
      rspec-mocks (= 3.13.0.pre)
      rspec-support (= 3.13.0.pre)

GIT
  remote: https://github.com/rspec/rspec-support.git
  revision: 48c227f93d7b69ce28babb2dce0a9d08ac4d2654
  branch: main
  specs:
    rspec-support (3.13.0.pre)

GIT
  remote: https://github.com/rspec/rspec.git
  revision: cfb135a48b343fa75f28841f14874ea05e8e195f
  branch: main
  specs:
    rspec (3.13.0.pre)
      rspec-core (= 3.13.0.pre)
      rspec-expectations (= 3.13.0.pre)
      rspec-mocks (= 3.13.0.pre)

GIT
  remote: https://github.com/thoughtbot/appraisal.git
  revision: feb78bcc6177038399bff098cb6c2bd4bca4972a
  specs:
    appraisal (2.5.0)
      bundler
      rake
      thor (>= 0.14.0)

PATH
  remote: ..
  specs:
    acts_as_tenant (1.0.1)
      rails (>= 6.0)

GEM
  remote: https://rubygems.org/
  specs:
    ast (2.4.2)
    base64 (0.2.0)
    bigdecimal (3.1.4)
    builder (3.2.4)
    byebug (11.1.3)
    concurrent-ruby (1.2.2)
    connection_pool (2.4.1)
    crass (1.0.6)
    date (3.3.4)
    diff-lcs (1.5.0)
    drb (2.2.0)
      ruby2_keywords
    erubi (1.12.0)
    globalid (1.2.1)
      activesupport (>= 6.1)
    i18n (1.14.1)
      concurrent-ruby (~> 1.0)
    io-console (0.6.0)
    irb (1.10.1)
      rdoc
      reline (>= 0.3.8)
    json (2.7.1)
    language_server-protocol (3.17.0.3)
    lint_roller (1.1.0)
    loofah (2.22.0)
      crass (~> 1.0.2)
      nokogiri (>= 1.12.0)
    mail (2.8.1)
      mini_mime (>= 0.1.1)
      net-imap
      net-pop
      net-smtp
    marcel (1.0.2)
    mini_mime (1.1.5)
    mini_portile2 (2.8.5)
    minitest (5.20.0)
    net-imap (0.4.7)
      date
      net-protocol
    net-pop (0.1.2)
      net-protocol
    net-protocol (0.2.2)
      timeout
    net-smtp (0.4.0)
      net-protocol
    nio4r (2.7.0)
    nokogiri (1.15.5)
      mini_portile2 (~> 2.8.2)
      racc (~> 1.4)
    nokogiri (1.15.5-x86_64-darwin)
      racc (~> 1.4)
    nokogiri (1.15.5-x86_64-linux)
      racc (~> 1.4)
    parallel (1.23.0)
    parser (3.2.2.4)
      ast (~> 2.4.1)
      racc
    psych (5.1.1.1)
      stringio
    racc (1.7.3)
    rack (3.0.8)
    rack-session (2.0.0)
      rack (>= 3.0.0)
    rack-test (2.1.0)
      rack (>= 1.3)
    rackup (2.1.0)
      rack (>= 3)
      webrick (~> 1.8)
    rails-dom-testing (2.2.0)
      activesupport (>= 5.0.0)
      minitest
      nokogiri (>= 1.6)
    rails-html-sanitizer (1.6.0)
      loofah (~> 2.21)
      nokogiri (~> 1.14)
    rainbow (3.1.1)
    rake (13.1.0)
    rdoc (6.6.1)
      psych (>= 4.0.0)
    redis-client (0.18.0)
      connection_pool
    regexp_parser (2.8.3)
    reline (0.4.1)
      io-console (~> 0.5)
    rexml (3.2.6)
    rubocop (1.57.2)
      json (~> 2.3)
      language_server-protocol (>= 3.17.0)
      parallel (~> 1.10)
      parser (>= 3.2.2.4)
      rainbow (>= 2.2.2, < 4.0)
      regexp_parser (>= 1.8, < 3.0)
      rexml (>= 3.2.5, < 4.0)
      rubocop-ast (>= 1.28.1, < 2.0)
      ruby-progressbar (~> 1.7)
      unicode-display_width (>= 2.4.0, < 3.0)
    rubocop-ast (1.30.0)
      parser (>= 3.2.1.0)
    rubocop-performance (1.19.1)
      rubocop (>= 1.7.0, < 2.0)
      rubocop-ast (>= 0.4.0)
    ruby-progressbar (1.13.0)
    ruby2_keywords (0.0.5)
    sidekiq (7.2.0)
      concurrent-ruby (< 2)
      connection_pool (>= 2.3.0)
      rack (>= 2.2.4)
      redis-client (>= 0.14.0)
    sqlite3 (1.6.9)
      mini_portile2 (~> 2.8.0)
    sqlite3 (1.6.9-x86_64-darwin)
    sqlite3 (1.6.9-x86_64-linux)
    standard (1.32.1)
      language_server-protocol (~> 3.17.0.2)
      lint_roller (~> 1.0)
      rubocop (~> 1.57.2)
      standard-custom (~> 1.0.0)
      standard-performance (~> 1.2)
    standard-custom (1.0.2)
      lint_roller (~> 1.0)
      rubocop (~> 1.50)
    standard-performance (1.2.1)
      lint_roller (~> 1.1)
      rubocop-performance (~> 1.19.1)
    stringio (3.1.0)
    thor (1.3.0)
    timeout (0.4.1)
    tzinfo (2.0.6)
      concurrent-ruby (~> 1.0)
    unicode-display_width (2.5.0)
    webrick (1.8.1)
    websocket-driver (0.7.6)
      websocket-extensions (>= 0.1.0)
    websocket-extensions (0.1.5)
    zeitwerk (2.6.12)

PLATFORMS
  ruby
  x86_64-darwin-20
  x86_64-linux

DEPENDENCIES
  acts_as_tenant!
  appraisal!
  byebug
  rails!
  rspec!
  rspec-core!
  rspec-expectations!
  rspec-mocks!
  rspec-rails!
  rspec-support!
  sidekiq (~> 7.0)
  sqlite3
  standard

BUNDLED WITH
   2.4.22
